
Microsoft Visual Studio Solution File, Format Version 12.00
# Visual Studio Version 17
VisualStudioVersion = 17.7.34221.43
MinimumVisualStudioVersion = 10.0.40219.1
Project("{9A19103F-16F7-4668-BE54-9A1E7A4F7556}") = "MovieTorrents", "MovieTorrents\MovieTorrents.csproj", "{F60B5E07-C5CF-4FC4-A76D-B936EC842FEB}"
EndProject
Project("{9A19103F-16F7-4668-BE54-9A1E7A4F7556}") = "mySharedLib", "mySharedLib\mySharedLib.csproj", "{5ECA4E19-D68D-4744-B8D6-9C4215DA061E}"
EndProject
Global
	GlobalSection(SolutionConfigurationPlatforms) = preSolution
		Debug|Any CPU = Debug|Any CPU
		Release|Any CPU = Release|Any CPU
	EndGlobalSection
	GlobalSection(ProjectConfigurationPlatforms) = postSolution
		{F60B5E07-C5CF-4FC4-A76D-B936EC842FEB}.Debug|Any CPU.ActiveCfg = Debug|Any CPU
		{F60B5E07-C5CF-4FC4-A76D-B936EC842FEB}.Debug|Any CPU.Build.0 = Debug|Any CPU
		{F60B5E07-C5CF-4FC4-A76D-B936EC842FEB}.Release|Any CPU.ActiveCfg = Release|Any CPU
		{F60B5E07-C5CF-4FC4-A76D-B936EC842FEB}.Release|Any CPU.Build.0 = Release|Any CPU
		{5ECA4E19-D68D-4744-B8D6-9C4215DA061E}.Debug|Any CPU.ActiveCfg = Debug|Any CPU
		{5ECA4E19-D68D-4744-B8D6-9C4215DA061E}.Debug|Any CPU.Build.0 = Debug|Any CPU
		{5ECA4E19-D68D-4744-B8D6-9C4215DA061E}.Release|Any CPU.ActiveCfg = Release|Any CPU
		{5ECA4E19-D68D-4744-B8D6-9C4215DA061E}.Release|Any CPU.Build.0 = Release|Any CPU
	EndGlobalSection
	GlobalSection(SolutionProperties) = preSolution
		HideSolutionNode = FALSE
	EndGlobalSection
	GlobalSection(ExtensibilityGlobals) = postSolution
		SolutionGuid = {E941606B-48FC-4C73-8836-6B93289A9FA7}
	EndGlobalSection
EndGlobal
