
Microsoft Visual Studio Solution File, Format Version 12.00
# Visual Studio Version 17
VisualStudioVersion = 17.0.32014.148
MinimumVisualStudioVersion = 10.0.40219.1
Project("{FAE04EC0-301F-11D3-BF4B-00C04F79EFBC}") = "MovieTorrents", "MovieTorrents\MovieTorrents.csproj", "{610C0ADD-78E8-4B12-88D8-B5BFDDAB375C}"
EndProject
Project("{FAE04EC0-301F-11D3-BF4B-00C04F79EFBC}") = "mySharedLib", "mySharedLib\mySharedLib.csproj", "{5CF2AA19-7C87-4DE1-8A6A-97041B373CEC}"
EndProject
Project("{FAE04EC0-301F-11D3-BF4B-00C04F79EFBC}") = "CleanHtml", "CleanHtml\CleanHtml.csproj", "{1B48483A-944A-4964-805E-879BD5DC38D5}"
EndProject
Project("{2150E333-8FDC-42A3-9474-1A3956D46DE8}") = "MyPages", "MyPages", "{68384984-6AEF-488D-8634-1984C1E2DDF6}"
EndProject
Project("{9A19103F-16F7-4668-BE54-9A1E7A4F7556}") = "MyPageViewer", "MyPages\MyPageViewer\MyPageViewer.csproj", "{298D7C74-27B4-44D6-8819-2C75D283F488}"
EndProject
Project("{2150E333-8FDC-42A3-9474-1A3956D46DE8}") = "0daytool", "0daytool", "{EC00570C-14EE-462F-ADD7-9F10EC41C4A3}"
EndProject
Project("{2150E333-8FDC-42A3-9474-1A3956D46DE8}") = "Deprecated", "Deprecated", "{9EBB6D7F-0612-41A4-9F03-13B644F13019}"
EndProject
Project("{FAE04EC0-301F-11D3-BF4B-00C04F79EFBC}") = "0dayrar", "Deprecated\0dayrar\0dayrar.csproj", "{0AD8B14C-5F0F-4249-A323-D33A78209309}"
EndProject
Project("{FAE04EC0-301F-11D3-BF4B-00C04F79EFBC}") = "0DayDownRar", "0daytool\0DayDownRar\0DayDownRar.csproj", "{B3B8B786-6A23-4764-8BED-0A8572330452}"
EndProject
Project("{FAE04EC0-301F-11D3-BF4B-00C04F79EFBC}") = "0dayUnrar", "0daytool\0dayUnrar\0dayUnrar.csproj", "{9949666A-30B7-41EF-A1CB-AFFB25A75402}"
EndProject
Project("{FAE04EC0-301F-11D3-BF4B-00C04F79EFBC}") = "0dbktool", "Deprecated\0dbktool\0dbktool.csproj", "{1B373455-1CE5-4687-BF0D-D4B74DB5939D}"
EndProject
Project("{FAE04EC0-301F-11D3-BF4B-00C04F79EFBC}") = "0dsfvcheck", "Deprecated\0dsfvcheck\0dsfvcheck.csproj", "{F753CBB7-E824-4C79-91DC-A269393B8787}"
EndProject
Project("{FAE04EC0-301F-11D3-BF4B-00C04F79EFBC}") = "FindSimilarNameFolder", "Deprecated\FindSimilarNameFolder\FindSimilarNameFolder.csproj", "{2B43FC82-00B6-46A8-A647-5E6C8C84E2EF}"
EndProject
Project("{FAE04EC0-301F-11D3-BF4B-00C04F79EFBC}") = "PostPrin", "Deprecated\PostPrin\PostPrin.csproj", "{AC5DCA3B-B81D-4B2D-AB53-7626C81EFE7D}"
EndProject
Project("{2150E333-8FDC-42A3-9474-1A3956D46DE8}") = "Test", "Test", "{E4C050F6-7E57-4EAD-BB72-2421D769CDFA}"
EndProject
Project("{FAE04EC0-301F-11D3-BF4B-00C04F79EFBC}") = "ZeroDown2Wiz", "Deprecated\ZeroDown2Wiz\ZeroDown2Wiz.csproj", "{B4F85564-F31C-470B-B70E-6B7783AAB633}"
EndProject
Project("{2150E333-8FDC-42A3-9474-1A3956D46DE8}") = "ZeroDown", "ZeroDown", "{89322E2B-ECDC-46F6-8865-029C617B4E86}"
EndProject
Project("{FAE04EC0-301F-11D3-BF4B-00C04F79EFBC}") = "ZeroDownLib", "ZeroDown\ZeroDownLib\ZeroDownLib.csproj", "{FE12110C-3AA7-4601-9E47-5F3D6BD82A85}"
EndProject
Project("{FAE04EC0-301F-11D3-BF4B-00C04F79EFBC}") = "ZeroDownBrowser", "ZeroDown\ZeroDownBrowser\ZeroDownBrowser.csproj", "{20B0E22C-229D-445C-A0F8-DFB43D79A345}"
EndProject
Global
	GlobalSection(SolutionConfigurationPlatforms) = preSolution
		Debug|Any CPU = Debug|Any CPU
		Debug|x64 = Debug|x64
		Debug|x86 = Debug|x86
		Release|Any CPU = Release|Any CPU
		Release|x64 = Release|x64
		Release|x86 = Release|x86
	EndGlobalSection
	GlobalSection(ProjectConfigurationPlatforms) = postSolution
		{610C0ADD-78E8-4B12-88D8-B5BFDDAB375C}.Debug|Any CPU.ActiveCfg = Debug|Any CPU
		{610C0ADD-78E8-4B12-88D8-B5BFDDAB375C}.Debug|Any CPU.Build.0 = Debug|Any CPU
		{610C0ADD-78E8-4B12-88D8-B5BFDDAB375C}.Debug|x64.ActiveCfg = Debug|Any CPU
		{610C0ADD-78E8-4B12-88D8-B5BFDDAB375C}.Debug|x64.Build.0 = Debug|Any CPU
		{610C0ADD-78E8-4B12-88D8-B5BFDDAB375C}.Debug|x86.ActiveCfg = Debug|Any CPU
		{610C0ADD-78E8-4B12-88D8-B5BFDDAB375C}.Release|Any CPU.ActiveCfg = Release|Any CPU
		{610C0ADD-78E8-4B12-88D8-B5BFDDAB375C}.Release|Any CPU.Build.0 = Release|Any CPU
		{610C0ADD-78E8-4B12-88D8-B5BFDDAB375C}.Release|x64.ActiveCfg = Release|Any CPU
		{610C0ADD-78E8-4B12-88D8-B5BFDDAB375C}.Release|x64.Build.0 = Release|Any CPU
		{610C0ADD-78E8-4B12-88D8-B5BFDDAB375C}.Release|x86.ActiveCfg = Release|Any CPU
		{5CF2AA19-7C87-4DE1-8A6A-97041B373CEC}.Debug|Any CPU.ActiveCfg = Debug|Any CPU
		{5CF2AA19-7C87-4DE1-8A6A-97041B373CEC}.Debug|Any CPU.Build.0 = Debug|Any CPU
		{5CF2AA19-7C87-4DE1-8A6A-97041B373CEC}.Debug|x64.ActiveCfg = Debug|Any CPU
		{5CF2AA19-7C87-4DE1-8A6A-97041B373CEC}.Debug|x64.Build.0 = Debug|Any CPU
		{5CF2AA19-7C87-4DE1-8A6A-97041B373CEC}.Debug|x86.ActiveCfg = Debug|Any CPU
		{5CF2AA19-7C87-4DE1-8A6A-97041B373CEC}.Debug|x86.Build.0 = Debug|Any CPU
		{5CF2AA19-7C87-4DE1-8A6A-97041B373CEC}.Release|Any CPU.ActiveCfg = Release|Any CPU
		{5CF2AA19-7C87-4DE1-8A6A-97041B373CEC}.Release|Any CPU.Build.0 = Release|Any CPU
		{5CF2AA19-7C87-4DE1-8A6A-97041B373CEC}.Release|x64.ActiveCfg = Release|Any CPU
		{5CF2AA19-7C87-4DE1-8A6A-97041B373CEC}.Release|x64.Build.0 = Release|Any CPU
		{5CF2AA19-7C87-4DE1-8A6A-97041B373CEC}.Release|x86.ActiveCfg = Release|Any CPU
		{5CF2AA19-7C87-4DE1-8A6A-97041B373CEC}.Release|x86.Build.0 = Release|Any CPU
		{1B48483A-944A-4964-805E-879BD5DC38D5}.Debug|Any CPU.ActiveCfg = Debug|Any CPU
		{1B48483A-944A-4964-805E-879BD5DC38D5}.Debug|Any CPU.Build.0 = Debug|Any CPU
		{1B48483A-944A-4964-805E-879BD5DC38D5}.Debug|x64.ActiveCfg = Debug|x64
		{1B48483A-944A-4964-805E-879BD5DC38D5}.Debug|x64.Build.0 = Debug|x64
		{1B48483A-944A-4964-805E-879BD5DC38D5}.Debug|x86.ActiveCfg = Debug|Any CPU
		{1B48483A-944A-4964-805E-879BD5DC38D5}.Debug|x86.Build.0 = Debug|Any CPU
		{1B48483A-944A-4964-805E-879BD5DC38D5}.Release|Any CPU.ActiveCfg = Release|Any CPU
		{1B48483A-944A-4964-805E-879BD5DC38D5}.Release|Any CPU.Build.0 = Release|Any CPU
		{1B48483A-944A-4964-805E-879BD5DC38D5}.Release|x64.ActiveCfg = Release|x64
		{1B48483A-944A-4964-805E-879BD5DC38D5}.Release|x64.Build.0 = Release|x64
		{1B48483A-944A-4964-805E-879BD5DC38D5}.Release|x86.ActiveCfg = Release|Any CPU
		{1B48483A-944A-4964-805E-879BD5DC38D5}.Release|x86.Build.0 = Release|Any CPU
		{298D7C74-27B4-44D6-8819-2C75D283F488}.Debug|Any CPU.ActiveCfg = Debug|Any CPU
		{298D7C74-27B4-44D6-8819-2C75D283F488}.Debug|Any CPU.Build.0 = Debug|Any CPU
		{298D7C74-27B4-44D6-8819-2C75D283F488}.Debug|x64.ActiveCfg = Debug|Any CPU
		{298D7C74-27B4-44D6-8819-2C75D283F488}.Debug|x64.Build.0 = Debug|Any CPU
		{298D7C74-27B4-44D6-8819-2C75D283F488}.Debug|x86.ActiveCfg = Debug|Any CPU
		{298D7C74-27B4-44D6-8819-2C75D283F488}.Debug|x86.Build.0 = Debug|Any CPU
		{298D7C74-27B4-44D6-8819-2C75D283F488}.Release|Any CPU.ActiveCfg = Release|Any CPU
		{298D7C74-27B4-44D6-8819-2C75D283F488}.Release|Any CPU.Build.0 = Release|Any CPU
		{298D7C74-27B4-44D6-8819-2C75D283F488}.Release|x64.ActiveCfg = Release|Any CPU
		{298D7C74-27B4-44D6-8819-2C75D283F488}.Release|x64.Build.0 = Release|Any CPU
		{298D7C74-27B4-44D6-8819-2C75D283F488}.Release|x86.ActiveCfg = Release|Any CPU
		{298D7C74-27B4-44D6-8819-2C75D283F488}.Release|x86.Build.0 = Release|Any CPU
		{0AD8B14C-5F0F-4249-A323-D33A78209309}.Debug|Any CPU.ActiveCfg = Debug|Any CPU
		{0AD8B14C-5F0F-4249-A323-D33A78209309}.Debug|Any CPU.Build.0 = Debug|Any CPU
		{0AD8B14C-5F0F-4249-A323-D33A78209309}.Debug|x64.ActiveCfg = Debug|Any CPU
		{0AD8B14C-5F0F-4249-A323-D33A78209309}.Debug|x64.Build.0 = Debug|Any CPU
		{0AD8B14C-5F0F-4249-A323-D33A78209309}.Debug|x86.ActiveCfg = Debug|x86
		{0AD8B14C-5F0F-4249-A323-D33A78209309}.Debug|x86.Build.0 = Debug|x86
		{0AD8B14C-5F0F-4249-A323-D33A78209309}.Release|Any CPU.ActiveCfg = Release|Any CPU
		{0AD8B14C-5F0F-4249-A323-D33A78209309}.Release|Any CPU.Build.0 = Release|Any CPU
		{0AD8B14C-5F0F-4249-A323-D33A78209309}.Release|x64.ActiveCfg = Release|Any CPU
		{0AD8B14C-5F0F-4249-A323-D33A78209309}.Release|x64.Build.0 = Release|Any CPU
		{0AD8B14C-5F0F-4249-A323-D33A78209309}.Release|x86.ActiveCfg = Release|x86
		{0AD8B14C-5F0F-4249-A323-D33A78209309}.Release|x86.Build.0 = Release|x86
		{B3B8B786-6A23-4764-8BED-0A8572330452}.Debug|Any CPU.ActiveCfg = Debug|Any CPU
		{B3B8B786-6A23-4764-8BED-0A8572330452}.Debug|Any CPU.Build.0 = Debug|Any CPU
		{B3B8B786-6A23-4764-8BED-0A8572330452}.Debug|x64.ActiveCfg = Debug|Any CPU
		{B3B8B786-6A23-4764-8BED-0A8572330452}.Debug|x64.Build.0 = Debug|Any CPU
		{B3B8B786-6A23-4764-8BED-0A8572330452}.Debug|x86.ActiveCfg = Debug|Any CPU
		{B3B8B786-6A23-4764-8BED-0A8572330452}.Debug|x86.Build.0 = Debug|Any CPU
		{B3B8B786-6A23-4764-8BED-0A8572330452}.Release|Any CPU.ActiveCfg = Release|Any CPU
		{B3B8B786-6A23-4764-8BED-0A8572330452}.Release|Any CPU.Build.0 = Release|Any CPU
		{B3B8B786-6A23-4764-8BED-0A8572330452}.Release|x64.ActiveCfg = Release|Any CPU
		{B3B8B786-6A23-4764-8BED-0A8572330452}.Release|x64.Build.0 = Release|Any CPU
		{B3B8B786-6A23-4764-8BED-0A8572330452}.Release|x86.ActiveCfg = Release|Any CPU
		{B3B8B786-6A23-4764-8BED-0A8572330452}.Release|x86.Build.0 = Release|Any CPU
		{9949666A-30B7-41EF-A1CB-AFFB25A75402}.Debug|Any CPU.ActiveCfg = Debug|Any CPU
		{9949666A-30B7-41EF-A1CB-AFFB25A75402}.Debug|Any CPU.Build.0 = Debug|Any CPU
		{9949666A-30B7-41EF-A1CB-AFFB25A75402}.Debug|x64.ActiveCfg = Debug|Any CPU
		{9949666A-30B7-41EF-A1CB-AFFB25A75402}.Debug|x64.Build.0 = Debug|Any CPU
		{9949666A-30B7-41EF-A1CB-AFFB25A75402}.Debug|x86.ActiveCfg = Debug|Any CPU
		{9949666A-30B7-41EF-A1CB-AFFB25A75402}.Debug|x86.Build.0 = Debug|Any CPU
		{9949666A-30B7-41EF-A1CB-AFFB25A75402}.Release|Any CPU.ActiveCfg = Release|Any CPU
		{9949666A-30B7-41EF-A1CB-AFFB25A75402}.Release|Any CPU.Build.0 = Release|Any CPU
		{9949666A-30B7-41EF-A1CB-AFFB25A75402}.Release|x64.ActiveCfg = Release|Any CPU
		{9949666A-30B7-41EF-A1CB-AFFB25A75402}.Release|x64.Build.0 = Release|Any CPU
		{9949666A-30B7-41EF-A1CB-AFFB25A75402}.Release|x86.ActiveCfg = Release|Any CPU
		{9949666A-30B7-41EF-A1CB-AFFB25A75402}.Release|x86.Build.0 = Release|Any CPU
		{1B373455-1CE5-4687-BF0D-D4B74DB5939D}.Debug|Any CPU.ActiveCfg = Debug|Any CPU
		{1B373455-1CE5-4687-BF0D-D4B74DB5939D}.Debug|Any CPU.Build.0 = Debug|Any CPU
		{1B373455-1CE5-4687-BF0D-D4B74DB5939D}.Debug|x64.ActiveCfg = Debug|Any CPU
		{1B373455-1CE5-4687-BF0D-D4B74DB5939D}.Debug|x64.Build.0 = Debug|Any CPU
		{1B373455-1CE5-4687-BF0D-D4B74DB5939D}.Debug|x86.ActiveCfg = Debug|Any CPU
		{1B373455-1CE5-4687-BF0D-D4B74DB5939D}.Debug|x86.Build.0 = Debug|Any CPU
		{1B373455-1CE5-4687-BF0D-D4B74DB5939D}.Release|Any CPU.ActiveCfg = Release|Any CPU
		{1B373455-1CE5-4687-BF0D-D4B74DB5939D}.Release|Any CPU.Build.0 = Release|Any CPU
		{1B373455-1CE5-4687-BF0D-D4B74DB5939D}.Release|x64.ActiveCfg = Release|Any CPU
		{1B373455-1CE5-4687-BF0D-D4B74DB5939D}.Release|x64.Build.0 = Release|Any CPU
		{1B373455-1CE5-4687-BF0D-D4B74DB5939D}.Release|x86.ActiveCfg = Release|Any CPU
		{1B373455-1CE5-4687-BF0D-D4B74DB5939D}.Release|x86.Build.0 = Release|Any CPU
		{F753CBB7-E824-4C79-91DC-A269393B8787}.Debug|Any CPU.ActiveCfg = Debug|Any CPU
		{F753CBB7-E824-4C79-91DC-A269393B8787}.Debug|Any CPU.Build.0 = Debug|Any CPU
		{F753CBB7-E824-4C79-91DC-A269393B8787}.Debug|x64.ActiveCfg = Debug|Any CPU
		{F753CBB7-E824-4C79-91DC-A269393B8787}.Debug|x64.Build.0 = Debug|Any CPU
		{F753CBB7-E824-4C79-91DC-A269393B8787}.Debug|x86.ActiveCfg = Debug|x86
		{F753CBB7-E824-4C79-91DC-A269393B8787}.Debug|x86.Build.0 = Debug|x86
		{F753CBB7-E824-4C79-91DC-A269393B8787}.Release|Any CPU.ActiveCfg = Release|Any CPU
		{F753CBB7-E824-4C79-91DC-A269393B8787}.Release|Any CPU.Build.0 = Release|Any CPU
		{F753CBB7-E824-4C79-91DC-A269393B8787}.Release|x64.ActiveCfg = Release|Any CPU
		{F753CBB7-E824-4C79-91DC-A269393B8787}.Release|x64.Build.0 = Release|Any CPU
		{F753CBB7-E824-4C79-91DC-A269393B8787}.Release|x86.ActiveCfg = Release|x86
		{F753CBB7-E824-4C79-91DC-A269393B8787}.Release|x86.Build.0 = Release|x86
		{2B43FC82-00B6-46A8-A647-5E6C8C84E2EF}.Debug|Any CPU.ActiveCfg = Debug|Any CPU
		{2B43FC82-00B6-46A8-A647-5E6C8C84E2EF}.Debug|Any CPU.Build.0 = Debug|Any CPU
		{2B43FC82-00B6-46A8-A647-5E6C8C84E2EF}.Debug|x64.ActiveCfg = Debug|Any CPU
		{2B43FC82-00B6-46A8-A647-5E6C8C84E2EF}.Debug|x64.Build.0 = Debug|Any CPU
		{2B43FC82-00B6-46A8-A647-5E6C8C84E2EF}.Debug|x86.ActiveCfg = Debug|x86
		{2B43FC82-00B6-46A8-A647-5E6C8C84E2EF}.Debug|x86.Build.0 = Debug|x86
		{2B43FC82-00B6-46A8-A647-5E6C8C84E2EF}.Release|Any CPU.ActiveCfg = Release|Any CPU
		{2B43FC82-00B6-46A8-A647-5E6C8C84E2EF}.Release|Any CPU.Build.0 = Release|Any CPU
		{2B43FC82-00B6-46A8-A647-5E6C8C84E2EF}.Release|x64.ActiveCfg = Release|Any CPU
		{2B43FC82-00B6-46A8-A647-5E6C8C84E2EF}.Release|x64.Build.0 = Release|Any CPU
		{2B43FC82-00B6-46A8-A647-5E6C8C84E2EF}.Release|x86.ActiveCfg = Release|x86
		{2B43FC82-00B6-46A8-A647-5E6C8C84E2EF}.Release|x86.Build.0 = Release|x86
		{AC5DCA3B-B81D-4B2D-AB53-7626C81EFE7D}.Debug|Any CPU.ActiveCfg = Debug|Any CPU
		{AC5DCA3B-B81D-4B2D-AB53-7626C81EFE7D}.Debug|Any CPU.Build.0 = Debug|Any CPU
		{AC5DCA3B-B81D-4B2D-AB53-7626C81EFE7D}.Debug|x64.ActiveCfg = Debug|Any CPU
		{AC5DCA3B-B81D-4B2D-AB53-7626C81EFE7D}.Debug|x64.Build.0 = Debug|Any CPU
		{AC5DCA3B-B81D-4B2D-AB53-7626C81EFE7D}.Debug|x86.ActiveCfg = Debug|x86
		{AC5DCA3B-B81D-4B2D-AB53-7626C81EFE7D}.Debug|x86.Build.0 = Debug|x86
		{AC5DCA3B-B81D-4B2D-AB53-7626C81EFE7D}.Release|Any CPU.ActiveCfg = Release|Any CPU
		{AC5DCA3B-B81D-4B2D-AB53-7626C81EFE7D}.Release|Any CPU.Build.0 = Release|Any CPU
		{AC5DCA3B-B81D-4B2D-AB53-7626C81EFE7D}.Release|x64.ActiveCfg = Release|Any CPU
		{AC5DCA3B-B81D-4B2D-AB53-7626C81EFE7D}.Release|x64.Build.0 = Release|Any CPU
		{AC5DCA3B-B81D-4B2D-AB53-7626C81EFE7D}.Release|x86.ActiveCfg = Release|x86
		{AC5DCA3B-B81D-4B2D-AB53-7626C81EFE7D}.Release|x86.Build.0 = Release|x86
		{B4F85564-F31C-470B-B70E-6B7783AAB633}.Debug|Any CPU.ActiveCfg = Debug|Any CPU
		{B4F85564-F31C-470B-B70E-6B7783AAB633}.Debug|Any CPU.Build.0 = Debug|Any CPU
		{B4F85564-F31C-470B-B70E-6B7783AAB633}.Debug|x64.ActiveCfg = Debug|Any CPU
		{B4F85564-F31C-470B-B70E-6B7783AAB633}.Debug|x64.Build.0 = Debug|Any CPU
		{B4F85564-F31C-470B-B70E-6B7783AAB633}.Debug|x86.ActiveCfg = Debug|x86
		{B4F85564-F31C-470B-B70E-6B7783AAB633}.Debug|x86.Build.0 = Debug|x86
		{B4F85564-F31C-470B-B70E-6B7783AAB633}.Release|Any CPU.ActiveCfg = Release|Any CPU
		{B4F85564-F31C-470B-B70E-6B7783AAB633}.Release|Any CPU.Build.0 = Release|Any CPU
		{B4F85564-F31C-470B-B70E-6B7783AAB633}.Release|x64.ActiveCfg = Release|Any CPU
		{B4F85564-F31C-470B-B70E-6B7783AAB633}.Release|x64.Build.0 = Release|Any CPU
		{B4F85564-F31C-470B-B70E-6B7783AAB633}.Release|x86.ActiveCfg = Release|x86
		{B4F85564-F31C-470B-B70E-6B7783AAB633}.Release|x86.Build.0 = Release|x86
		{FE12110C-3AA7-4601-9E47-5F3D6BD82A85}.Debug|Any CPU.ActiveCfg = Debug|x86
		{FE12110C-3AA7-4601-9E47-5F3D6BD82A85}.Debug|Any CPU.Build.0 = Debug|x86
		{FE12110C-3AA7-4601-9E47-5F3D6BD82A85}.Debug|x64.ActiveCfg = Debug|Any CPU
		{FE12110C-3AA7-4601-9E47-5F3D6BD82A85}.Debug|x64.Build.0 = Debug|Any CPU
		{FE12110C-3AA7-4601-9E47-5F3D6BD82A85}.Debug|x86.ActiveCfg = Debug|x86
		{FE12110C-3AA7-4601-9E47-5F3D6BD82A85}.Debug|x86.Build.0 = Debug|x86
		{FE12110C-3AA7-4601-9E47-5F3D6BD82A85}.Release|Any CPU.ActiveCfg = Release|Any CPU
		{FE12110C-3AA7-4601-9E47-5F3D6BD82A85}.Release|Any CPU.Build.0 = Release|Any CPU
		{FE12110C-3AA7-4601-9E47-5F3D6BD82A85}.Release|x64.ActiveCfg = Release|Any CPU
		{FE12110C-3AA7-4601-9E47-5F3D6BD82A85}.Release|x64.Build.0 = Release|Any CPU
		{FE12110C-3AA7-4601-9E47-5F3D6BD82A85}.Release|x86.ActiveCfg = Release|x86
		{FE12110C-3AA7-4601-9E47-5F3D6BD82A85}.Release|x86.Build.0 = Release|x86
		{20B0E22C-229D-445C-A0F8-DFB43D79A345}.Debug|Any CPU.ActiveCfg = Debug|x86
		{20B0E22C-229D-445C-A0F8-DFB43D79A345}.Debug|Any CPU.Build.0 = Debug|x86
		{20B0E22C-229D-445C-A0F8-DFB43D79A345}.Debug|x64.ActiveCfg = Debug|Any CPU
		{20B0E22C-229D-445C-A0F8-DFB43D79A345}.Debug|x64.Build.0 = Debug|Any CPU
		{20B0E22C-229D-445C-A0F8-DFB43D79A345}.Debug|x86.ActiveCfg = Debug|x86
		{20B0E22C-229D-445C-A0F8-DFB43D79A345}.Debug|x86.Build.0 = Debug|x86
		{20B0E22C-229D-445C-A0F8-DFB43D79A345}.Release|Any CPU.ActiveCfg = Release|Any CPU
		{20B0E22C-229D-445C-A0F8-DFB43D79A345}.Release|Any CPU.Build.0 = Release|Any CPU
		{20B0E22C-229D-445C-A0F8-DFB43D79A345}.Release|x64.ActiveCfg = Release|Any CPU
		{20B0E22C-229D-445C-A0F8-DFB43D79A345}.Release|x64.Build.0 = Release|Any CPU
		{20B0E22C-229D-445C-A0F8-DFB43D79A345}.Release|x86.ActiveCfg = Release|x86
		{20B0E22C-229D-445C-A0F8-DFB43D79A345}.Release|x86.Build.0 = Release|x86
	EndGlobalSection
	GlobalSection(SolutionProperties) = preSolution
		HideSolutionNode = FALSE
	EndGlobalSection
	GlobalSection(NestedProjects) = preSolution
		{298D7C74-27B4-44D6-8819-2C75D283F488} = {68384984-6AEF-488D-8634-1984C1E2DDF6}
		{0AD8B14C-5F0F-4249-A323-D33A78209309} = {9EBB6D7F-0612-41A4-9F03-13B644F13019}
		{B3B8B786-6A23-4764-8BED-0A8572330452} = {EC00570C-14EE-462F-ADD7-9F10EC41C4A3}
		{9949666A-30B7-41EF-A1CB-AFFB25A75402} = {EC00570C-14EE-462F-ADD7-9F10EC41C4A3}
		{1B373455-1CE5-4687-BF0D-D4B74DB5939D} = {9EBB6D7F-0612-41A4-9F03-13B644F13019}
		{F753CBB7-E824-4C79-91DC-A269393B8787} = {9EBB6D7F-0612-41A4-9F03-13B644F13019}
		{2B43FC82-00B6-46A8-A647-5E6C8C84E2EF} = {9EBB6D7F-0612-41A4-9F03-13B644F13019}
		{AC5DCA3B-B81D-4B2D-AB53-7626C81EFE7D} = {9EBB6D7F-0612-41A4-9F03-13B644F13019}
		{B4F85564-F31C-470B-B70E-6B7783AAB633} = {9EBB6D7F-0612-41A4-9F03-13B644F13019}
		{FE12110C-3AA7-4601-9E47-5F3D6BD82A85} = {89322E2B-ECDC-46F6-8865-029C617B4E86}
		{20B0E22C-229D-445C-A0F8-DFB43D79A345} = {89322E2B-ECDC-46F6-8865-029C617B4E86}
	EndGlobalSection
	GlobalSection(ExtensibilityGlobals) = postSolution
		SolutionGuid = {96CC90BD-34AF-4748-9E10-494A76E2DBAC}
	EndGlobalSection
EndGlobal
